// !$*UTF8*$!
{
	archiveVersion = 1;
	classes = {
	};
	objectVersion = 50;
	objects = {

/* Begin PBXBuildFile section */
		2754BCD422F5268B00838831 /* AppDelegate.swift in Sources */ = {isa = PBXBuildFile; fileRef = 2754BCD322F5268B00838831 /* AppDelegate.swift */; };
		2754BCD622F5268B00838831 /* ViewController.swift in Sources */ = {isa = PBXBuildFile; fileRef = 2754BCD522F5268B00838831 /* ViewController.swift */; };
		2754BCD922F5268B00838831 /* Main.storyboard in Resources */ = {isa = PBXBuildFile; fileRef = 2754BCD722F5268B00838831 /* Main.storyboard */; };
		2754BCDC22F5268B00838831 /* Weather.xcdatamodeld in Sources */ = {isa = PBXBuildFile; fileRef = 2754BCDA22F5268B00838831 /* Weather.xcdatamodeld */; };
		2754BCDE22F5268C00838831 /* Assets.xcassets in Resources */ = {isa = PBXBuildFile; fileRef = 2754BCDD22F5268C00838831 /* Assets.xcassets */; };
		2754BCE122F5268C00838831 /* LaunchScreen.storyboard in Resources */ = {isa = PBXBuildFile; fileRef = 2754BCDF22F5268C00838831 /* LaunchScreen.storyboard */; };
		2754BCEC22F5268C00838831 /* WeatherTests.swift in Sources */ = {isa = PBXBuildFile; fileRef = 2754BCEB22F5268C00838831 /* WeatherTests.swift */; };
		2754BCF722F5268C00838831 /* WeatherUITests.swift in Sources */ = {isa = PBXBuildFile; fileRef = 2754BCF622F5268C00838831 /* WeatherUITests.swift */; };
/* End PBXBuildFile section */

/* Begin PBXContainerItemProxy section */
		2754BCE822F5268C00838831 /* PBXContainerItemProxy */ = {
			isa = PBXContainerItemProxy;
			containerPortal = 2754BCC822F5268B00838831 /* Project object */;
			proxyType = 1;
			remoteGlobalIDString = 2754BCCF22F5268B00838831;
			remoteInfo = Weather;
		};
		2754BCF322F5268C00838831 /* PBXContainerItemProxy */ = {
			isa = PBXContainerItemProxy;
			containerPortal = 2754BCC822F5268B00838831 /* Project object */;
			proxyType = 1;
			remoteGlobalIDString = 2754BCCF22F5268B00838831;
			remoteInfo = Weather;
		};
/* End PBXContainerItemProxy section */

/* Begin PBXFileReference section */
		2754BCD022F5268B00838831 /* Weather.app */ = {isa = PBXFileReference; explicitFileType = wrapper.application; includeInIndex = 0; path = Weather.app; sourceTree = BUILT_PRODUCTS_DIR; };
		2754BCD322F5268B00838831 /* AppDelegate.swift */ = {isa = PBXFileReference; lastKnownFileType = sourcecode.swift; path = AppDelegate.swift; sourceTree = "<group>"; };
		2754BCD522F5268B00838831 /* ViewController.swift */ = {isa = PBXFileReference; lastKnownFileType = sourcecode.swift; path = ViewController.swift; sourceTree = "<group>"; };
		2754BCD822F5268B00838831 /* Base */ = {isa = PBXFileReference; lastKnownFileType = file.storyboard; name = Base; path = Base.lproj/Main.storyboard; sourceTree = "<group>"; };
		2754BCDB22F5268B00838831 /* Weather.xcdatamodel */ = {isa = PBXFileReference; lastKnownFileType = wrapper.xcdatamodel; path = Weather.xcdatamodel; sourceTree = "<group>"; };
		2754BCDD22F5268C00838831 /* Assets.xcassets */ = {isa = PBXFileReference; lastKnownFileType = folder.assetcatalog; path = Assets.xcassets; sourceTree = "<group>"; };
		2754BCE022F5268C00838831 /* Base */ = {isa = PBXFileReference; lastKnownFileType = file.storyboard; name = Base; path = Base.lproj/LaunchScreen.storyboard; sourceTree = "<group>"; };
		2754BCE222F5268C00838831 /* Info.plist */ = {isa = PBXFileReference; lastKnownFileType = text.plist.xml; path = Info.plist; sourceTree = "<group>"; };
		2754BCE722F5268C00838831 /* WeatherTests.xctest */ = {isa = PBXFileReference; explicitFileType = wrapper.cfbundle; includeInIndex = 0; path = WeatherTests.xctest; sourceTree = BUILT_PRODUCTS_DIR; };
		2754BCEB22F5268C00838831 /* WeatherTests.swift */ = {isa = PBXFileReference; lastKnownFileType = sourcecode.swift; path = WeatherTests.swift; sourceTree = "<group>"; };
		2754BCED22F5268C00838831 /* Info.plist */ = {isa = PBXFileReference; lastKnownFileType = text.plist.xml; path = Info.plist; sourceTree = "<group>"; };
		2754BCF222F5268C00838831 /* WeatherUITests.xctest */ = {isa = PBXFileReference; explicitFileType = wrapper.cfbundle; includeInIndex = 0; path = WeatherUITests.xctest; sourceTree = BUILT_PRODUCTS_DIR; };
		2754BCF622F5268C00838831 /* WeatherUITests.swift */ = {isa = PBXFileReference; lastKnownFileType = sourcecode.swift; path = WeatherUITests.swift; sourceTree = "<group>"; };
		2754BCF822F5268C00838831 /* Info.plist */ = {isa = PBXFileReference; lastKnownFileType = text.plist.xml; path = Info.plist; sourceTree = "<group>"; };
/* End PBXFileReference section */

/* Begin PBXFrameworksBuildPhase section */
		2754BCCD22F5268B00838831 /* Frameworks */ = {
			isa = PBXFrameworksBuildPhase;
			buildActionMask = 2147483647;
			files = (
			);
			runOnlyForDeploymentPostprocessing = 0;
		};
		2754BCE422F5268C00838831 /* Frameworks */ = {
			isa = PBXFrameworksBuildPhase;
			buildActionMask = 2147483647;
			files = (
			);
			runOnlyForDeploymentPostprocessing = 0;
		};
		2754BCEF22F5268C00838831 /* Frameworks */ = {
			isa = PBXFrameworksBuildPhase;
			buildActionMask = 2147483647;
			files = (
			);
			runOnlyForDeploymentPostprocessing = 0;
		};
/* End PBXFrameworksBuildPhase section */

/* Begin PBXGroup section */
		2754BCC722F5268B00838831 = {
			isa = PBXGroup;
			children = (
				2754BCD222F5268B00838831 /* Weather */,
				2754BCEA22F5268C00838831 /* WeatherTests */,
				2754BCF522F5268C00838831 /* WeatherUITests */,
				2754BCD122F5268B00838831 /* Products */,
			);
			sourceTree = "<group>";
		};
		2754BCD122F5268B00838831 /* Products */ = {
			isa = PBXGroup;
			children = (
				2754BCD022F5268B00838831 /* Weather.app */,
				2754BCE722F5268C00838831 /* WeatherTests.xctest */,
				2754BCF222F5268C00838831 /* WeatherUITests.xctest */,
			);
			name = Products;
			sourceTree = "<group>";
		};
		2754BCD222F5268B00838831 /* Weather */ = {
			isa = PBXGroup;
			children = (
				2754BCD322F5268B00838831 /* AppDelegate.swift */,
				2754BCD522F5268B00838831 /* ViewController.swift */,
				2754BCD722F5268B00838831 /* Main.storyboard */,
				2754BCDD22F5268C00838831 /* Assets.xcassets */,
				2754BCDF22F5268C00838831 /* LaunchScreen.storyboard */,
				2754BCE222F5268C00838831 /* Info.plist */,
				2754BCDA22F5268B00838831 /* Weather.xcdatamodeld */,
			);
			path = Weather;
			sourceTree = "<group>";
		};
		2754BCEA22F5268C00838831 /* WeatherTests */ = {
			isa = PBXGroup;
			children = (
				2754BCEB22F5268C00838831 /* WeatherTests.swift */,
				2754BCED22F5268C00838831 /* Info.plist */,
			);
			path = WeatherTests;
			sourceTree = "<group>";
		};
		2754BCF522F5268C00838831 /* WeatherUITests */ = {
			isa = PBXGroup;
			children = (
				2754BCF622F5268C00838831 /* WeatherUITests.swift */,
				2754BCF822F5268C00838831 /* Info.plist */,
			);
			path = WeatherUITests;
			sourceTree = "<group>";
		};
/* End PBXGroup section */

/* Begin PBXNativeTarget section */
		2754BCCF22F5268B00838831 /* Weather */ = {
			isa = PBXNativeTarget;
			buildConfigurationList = 2754BCFB22F5268C00838831 /* Build configuration list for PBXNativeTarget "Weather" */;
			buildPhases = (
				2754BCCC22F5268B00838831 /* Sources */,
				2754BCCD22F5268B00838831 /* Frameworks */,
				2754BCCE22F5268B00838831 /* Resources */,
			);
			buildRules = (
			);
			dependencies = (
			);
			name = Weather;
			productName = Weather;
			productReference = 2754BCD022F5268B00838831 /* Weather.app */;
			productType = "com.apple.product-type.application";
		};
		2754BCE622F5268C00838831 /* WeatherTests */ = {
			isa = PBXNativeTarget;
			buildConfigurationList = 2754BCFE22F5268C00838831 /* Build configuration list for PBXNativeTarget "WeatherTests" */;
			buildPhases = (
				2754BCE322F5268C00838831 /* Sources */,
				2754BCE422F5268C00838831 /* Frameworks */,
				2754BCE522F5268C00838831 /* Resources */,
			);
			buildRules = (
			);
			dependencies = (
				2754BCE922F5268C00838831 /* PBXTargetDependency */,
			);
			name = WeatherTests;
			productName = WeatherTests;
			productReference = 2754BCE722F5268C00838831 /* WeatherTests.xctest */;
			productType = "com.apple.product-type.bundle.unit-test";
		};
		2754BCF122F5268C00838831 /* WeatherUITests */ = {
			isa = PBXNativeTarget;
			buildConfigurationList = 2754BD0122F5268C00838831 /* Build configuration list for PBXNativeTarget "WeatherUITests" */;
			buildPhases = (
				2754BCEE22F5268C00838831 /* Sources */,
				2754BCEF22F5268C00838831 /* Frameworks */,
				2754BCF022F5268C00838831 /* Resources */,
			);
			buildRules = (
			);
			dependencies = (
				2754BCF422F5268C00838831 /* PBXTargetDependency */,
			);
			name = WeatherUITests;
			productName = WeatherUITests;
			productReference = 2754BCF222F5268C00838831 /* WeatherUITests.xctest */;
			productType = "com.apple.product-type.bundle.ui-testing";
		};
/* End PBXNativeTarget section */

/* Begin PBXProject section */
		2754BCC822F5268B00838831 /* Project object */ = {
			isa = PBXProject;
			attributes = {
				LastSwiftUpdateCheck = 1020;
				LastUpgradeCheck = 1020;
				ORGANIZATIONNAME = "Tim Li";
				TargetAttributes = {
					2754BCCF22F5268B00838831 = {
						CreatedOnToolsVersion = 10.2;
					};
					2754BCE622F5268C00838831 = {
						CreatedOnToolsVersion = 10.2;
						TestTargetID = 2754BCCF22F5268B00838831;
					};
					2754BCF122F5268C00838831 = {
						CreatedOnToolsVersion = 10.2;
						TestTargetID = 2754BCCF22F5268B00838831;
					};
				};
			};
			buildConfigurationList = 2754BCCB22F5268B00838831 /* Build configuration list for PBXProject "Weather" */;
			compatibilityVersion = "Xcode 9.3";
			developmentRegion = en;
			hasScannedForEncodings = 0;
			knownRegions = (
				en,
				Base,
			);
			mainGroup = 2754BCC722F5268B00838831;
			productRefGroup = 2754BCD122F5268B00838831 /* Products */;
			projectDirPath = "";
			projectRoot = "";
			targets = (
				2754BCCF22F5268B00838831 /* Weather */,
				2754BCE622F5268C00838831 /* WeatherTests */,
				2754BCF122F5268C00838831 /* WeatherUITests */,
			);
		};
/* End PBXProject section */

/* Begin PBXResourcesBuildPhase section */
		2754BCCE22F5268B00838831 /* Resources */ = {
			isa = PBXResourcesBuildPhase;
			buildActionMask = 2147483647;
			files = (
				2754BCE122F5268C00838831 /* LaunchScreen.storyboard in Resources */,
				2754BCDE22F5268C00838831 /* Assets.xcassets in Resources */,
				2754BCD922F5268B00838831 /* Main.storyboard in Resources */,
			);
			runOnlyForDeploymentPostprocessing = 0;
		};
		2754BCE522F5268C00838831 /* Resources */ = {
			isa = PBXResourcesBuildPhase;
			buildActionMask = 2147483647;
			files = (
			);
			runOnlyForDeploymentPostprocessing = 0;
		};
		2754BCF022F5268C00838831 /* Resources */ = {
			isa = PBXResourcesBuildPhase;
			buildActionMask = 2147483647;
			files = (
			);
			runOnlyForDeploymentPostprocessing = 0;
		};
/* End PBXResourcesBuildPhase section */

/* Begin PBXSourcesBuildPhase section */
		2754BCCC22F5268B00838831 /* Sources */ = {
			isa = PBXSourcesBuildPhase;
			buildActionMask = 2147483647;
			files = (
				2754BCDC22F5268B00838831 /* Weather.xcdatamodeld in Sources */,
				2754BCD622F5268B00838831 /* ViewController.swift in Sources */,
				2754BCD422F5268B00838831 /* AppDelegate.swift in Sources */,
			);
			runOnlyForDeploymentPostprocessing = 0;
		};
		2754BCE322F5268C00838831 /* Sources */ = {
			isa = PBXSourcesBuildPhase;
			buildActionMask = 2147483647;
			files = (
				2754BCEC22F5268C00838831 /* WeatherTests.swift in Sources */,
			);
			runOnlyForDeploymentPostprocessing = 0;
		};
		2754BCEE22F5268C00838831 /* Sources */ = {
			isa = PBXSourcesBuildPhase;
			buildActionMask = 2147483647;
			files = (
				2754BCF722F5268C00838831 /* WeatherUITests.swift in Sources */,
			);
			runOnlyForDeploymentPostprocessing = 0;
		};
/* End PBXSourcesBuildPhase section */

/* Begin PBXTargetDependency section */
		2754BCE922F5268C00838831 /* PBXTargetDependency */ = {
			isa = PBXTargetDependency;
			target = 2754BCCF22F5268B00838831 /* Weather */;
			targetProxy = 2754BCE822F5268C00838831 /* PBXContainerItemProxy */;
		};
		2754BCF422F5268C00838831 /* PBXTargetDependency */ = {
			isa = PBXTargetDependency;
			target = 2754BCCF22F5268B00838831 /* Weather */;
			targetProxy = 2754BCF322F5268C00838831 /* PBXContainerItemProxy */;
		};
/* End PBXTargetDependency section */

/* Begin PBXVariantGroup section */
		2754BCD722F5268B00838831 /* Main.storyboard */ = {
			isa = PBXVariantGroup;
			children = (
				2754BCD822F5268B00838831 /* Base */,
			);
			name = Main.storyboard;
			sourceTree = "<group>";
		};
		2754BCDF22F5268C00838831 /* LaunchScreen.storyboard */ = {
			isa = PBXVariantGroup;
			children = (
				2754BCE022F5268C00838831 /* Base */,
			);
			name = LaunchScreen.storyboard;
			sourceTree = "<group>";
		};
/* End PBXVariantGroup section */

/* Begin XCBuildConfiguration section */
		2754BCF922F5268C00838831 /* Debug */ = {
			isa = XCBuildConfiguration;
			buildSettings = {
				ALWAYS_SEARCH_USER_PATHS = NO;
				CLANG_ANALYZER_NONNULL = YES;
				CLANG_ANALYZER_NUMBER_OBJECT_CONVERSION = YES_AGGRESSIVE;
				CLANG_CXX_LANGUAGE_STANDARD = "gnu++14";
				CLANG_CXX_LIBRARY = "libc++";
				CLANG_ENABLE_MODULES = YES;
				CLANG_ENABLE_OBJC_ARC = YES;
				CLANG_ENABLE_OBJC_WEAK = YES;
				CLANG_WARN_BLOCK_CAPTURE_AUTORELEASING = YES;
				CLANG_WARN_BOOL_CONVERSION = YES;
				CLANG_WARN_COMMA = YES;
				CLANG_WARN_CONSTANT_CONVERSION = YES;
				CLANG_WARN_DEPRECATED_OBJC_IMPLEMENTATIONS = YES;
				CLANG_WARN_DIRECT_OBJC_ISA_USAGE = YES_ERROR;
				CLANG_WARN_DOCUMENTATION_COMMENTS = YES;
				CLANG_WARN_EMPTY_BODY = YES;
				CLANG_WARN_ENUM_CONVERSION = YES;
				CLANG_WARN_INFINITE_RECURSION = YES;
				CLANG_WARN_INT_CONVERSION = YES;
				CLANG_WARN_NON_LITERAL_NULL_CONVERSION = YES;
				CLANG_WARN_OBJC_IMPLICIT_RETAIN_SELF = YES;
				CLANG_WARN_OBJC_LITERAL_CONVERSION = YES;
				CLANG_WARN_OBJC_ROOT_CLASS = YES_ERROR;
				CLANG_WARN_RANGE_LOOP_ANALYSIS = YES;
				CLANG_WARN_STRICT_PROTOTYPES = YES;
				CLANG_WARN_SUSPICIOUS_MOVE = YES;
				CLANG_WARN_UNGUARDED_AVAILABILITY = YES_AGGRESSIVE;
				CLANG_WARN_UNREACHABLE_CODE = YES;
				CLANG_WARN__DUPLICATE_METHOD_MATCH = YES;
				CODE_SIGN_IDENTITY = "iPhone Developer";
				COPY_PHASE_STRIP = NO;
				DEBUG_INFORMATION_FORMAT = dwarf;
				ENABLE_STRICT_OBJC_MSGSEND = YES;
				ENABLE_TESTABILITY = YES;
				GCC_C_LANGUAGE_STANDARD = gnu11;
				GCC_DYNAMIC_NO_PIC = NO;
				GCC_NO_COMMON_BLOCKS = YES;
				GCC_OPTIMIZATION_LEVEL = 0;
				GCC_PREPROCESSOR_DEFINITIONS = (
					"DEBUG=1",
					"$(inherited)",
				);
				GCC_WARN_64_TO_32_BIT_CONVERSION = YES;
				GCC_WARN_ABOUT_RETURN_TYPE = YES_ERROR;
				GCC_WARN_UNDECLARED_SELECTOR = YES;
				GCC_WARN_UNINITIALIZED_AUTOS = YES_AGGRESSIVE;
				GCC_WARN_UNUSED_FUNCTION = YES;
				GCC_WARN_UNUSED_VARIABLE = YES;
				IPHONEOS_DEPLOYMENT_TARGET = 12.2;
				MTL_ENABLE_DEBUG_INFO = INCLUDE_SOURCE;
				MTL_FAST_MATH = YES;
				ONLY_ACTIVE_ARCH = YES;
				SDKROOT = iphoneos;
				SWIFT_ACTIVE_COMPILATION_CONDITIONS = DEBUG;
				SWIFT_OPTIMIZATION_LEVEL = "-Onone";
			};
			name = Debug;
		};
		2754BCFA22F5268C00838831 /* Release */ = {
			isa = XCBuildConfiguration;
			buildSettings = {
				ALWAYS_SEARCH_USER_PATHS = NO;
				CLANG_ANALYZER_NONNULL = YES;
				CLANG_ANALYZER_NUMBER_OBJECT_CONVERSION = YES_AGGRESSIVE;
				CLANG_CXX_LANGUAGE_STANDARD = "gnu++14";
				CLANG_CXX_LIBRARY = "libc++";
				CLANG_ENABLE_MODULES = YES;
				CLANG_ENABLE_OBJC_ARC = YES;
				CLANG_ENABLE_OBJC_WEAK = YES;
				CLANG_WARN_BLOCK_CAPTURE_AUTORELEASING = YES;
				CLANG_WARN_BOOL_CONVERSION = YES;
				CLANG_WARN_COMMA = YES;
				CLANG_WARN_CONSTANT_CONVERSION = YES;
				CLANG_WARN_DEPRECATED_OBJC_IMPLEMENTATIONS = YES;
				CLANG_WARN_DIRECT_OBJC_ISA_USAGE = YES_ERROR;
				CLANG_WARN_DOCUMENTATION_COMMENTS = YES;
				CLANG_WARN_EMPTY_BODY = YES;
				CLANG_WARN_ENUM_CONVERSION = YES;
				CLANG_WARN_INFINITE_RECURSION = YES;
				CLANG_WARN_INT_CONVERSION = YES;
				CLANG_WARN_NON_LITERAL_NULL_CONVERSION = YES;
				CLANG_WARN_OBJC_IMPLICIT_RETAIN_SELF = YES;
				CLANG_WARN_OBJC_LITERAL_CONVERSION = YES;
				CLANG_WARN_OBJC_ROOT_CLASS = YES_ERROR;
				CLANG_WARN_RANGE_LOOP_ANALYSIS = YES;
				CLANG_WARN_STRICT_PROTOTYPES = YES;
				CLANG_WARN_SUSPICIOUS_MOVE = YES;
				CLANG_WARN_UNGUARDED_AVAILABILITY = YES_AGGRESSIVE;
				CLANG_WARN_UNREACHABLE_CODE = YES;
				CLANG_WARN__DUPLICATE_METHOD_MATCH = YES;
				CODE_SIGN_IDENTITY = "iPhone Developer";
				COPY_PHASE_STRIP = NO;
				DEBUG_INFORMATION_FORMAT = "dwarf-with-dsym";
				ENABLE_NS_ASSERTIONS = NO;
				ENABLE_STRICT_OBJC_MSGSEND = YES;
				GCC_C_LANGUAGE_STANDARD = gnu11;
				GCC_NO_COMMON_BLOCKS = YES;
				GCC_WARN_64_TO_32_BIT_CONVERSION = YES;
				GCC_WARN_ABOUT_RETURN_TYPE = YES_ERROR;
				GCC_WARN_UNDECLARED_SELECTOR = YES;
				GCC_WARN_UNINITIALIZED_AUTOS = YES_AGGRESSIVE;
				GCC_WARN_UNUSED_FUNCTION = YES;
				GCC_WARN_UNUSED_VARIABLE = YES;
				IPHONEOS_DEPLOYMENT_TARGET = 12.2;
				MTL_ENABLE_DEBUG_INFO = NO;
				MTL_FAST_MATH = YES;
				SDKROOT = iphoneos;
				SWIFT_COMPILATION_MODE = wholemodule;
				SWIFT_OPTIMIZATION_LEVEL = "-O";
				VALIDATE_PRODUCT = YES;
			};
			name = Release;
		};
		2754BCFC22F5268C00838831 /* Debug */ = {
			isa = XCBuildConfiguration;
			buildSettings = {
				ASSETCATALOG_COMPILER_APPICON_NAME = AppIcon;
				CODE_SIGN_STYLE = Automatic;
				DEVELOPMENT_TEAM = WNE5YZZC7M;
				INFOPLIST_FILE = Weather/Info.plist;
				LD_RUNPATH_SEARCH_PATHS = (
					"$(inherited)",
					"@executable_path/Frameworks",
				);
				PRODUCT_BUNDLE_IDENTIFIER = com.mingtian.Weather;
				PRODUCT_NAME = "$(TARGET_NAME)";
				SWIFT_VERSION = 5.0;
				TARGETED_DEVICE_FAMILY = "1,2";
			};
			name = Debug;
		};
		2754BCFD22F5268C00838831 /* Release */ = {
			isa = XCBuildConfiguration;
			buildSettings = {
				ASSETCATALOG_COMPILER_APPICON_NAME = AppIcon;
				CODE_SIGN_STYLE = Automatic;
				DEVELOPMENT_TEAM = WNE5YZZC7M;
				INFOPLIST_FILE = Weather/Info.plist;
				LD_RUNPATH_SEARCH_PATHS = (
					"$(inherited)",
					"@executable_path/Frameworks",
				);
				PRODUCT_BUNDLE_IDENTIFIER = com.mingtian.Weather;
				PRODUCT_NAME = "$(TARGET_NAME)";
				SWIFT_VERSION = 5.0;
				TARGETED_DEVICE_FAMILY = "1,2";
			};
			name = Release;
		};
		2754BCFF22F5268C00838831 /* Debug */ = {
			isa = XCBuildConfiguration;
			buildSettings = {
				ALWAYS_EMBED_SWIFT_STANDARD_LIBRARIES = YES;
				BUNDLE_LOADER = "$(TEST_HOST)";
				CODE_SIGN_STYLE = Automatic;
				DEVELOPMENT_TEAM = WNE5YZZC7M;
				INFOPLIST_FILE = WeatherTests/Info.plist;
				LD_RUNPATH_SEARCH_PATHS = (
					"$(inherited)",
					"@executable_path/Frameworks",
					"@loader_path/Frameworks",
				);
				PRODUCT_BUNDLE_IDENTIFIER = com.mingtian.WeatherTests;
				PRODUCT_NAME = "$(TARGET_NAME)";
				SWIFT_VERSION = 5.0;
				TARGETED_DEVICE_FAMILY = "1,2";
				TEST_HOST = "$(BUILT_PRODUCTS_DIR)/Weather.app/Weather";
			};
			name = Debug;
		};
		2754BD0022F5268C00838831 /* Release */ = {
			isa = XCBuildConfiguration;
			buildSettings = {
				ALWAYS_EMBED_SWIFT_STANDARD_LIBRARIES = YES;
				BUNDLE_LOADER = "$(TEST_HOST)";
				CODE_SIGN_STYLE = Automatic;
				DEVELOPMENT_TEAM = WNE5YZZC7M;
				INFOPLIST_FILE = WeatherTests/Info.plist;
				LD_RUNPATH_SEARCH_PATHS = (
					"$(inherited)",
					"@executable_path/Frameworks",
					"@loader_path/Frameworks",
				);
				PRODUCT_BUNDLE_IDENTIFIER = com.mingtian.WeatherTests;
				PRODUCT_NAME = "$(TARGET_NAME)";
				SWIFT_VERSION = 5.0;
				TARGETED_DEVICE_FAMILY = "1,2";
				TEST_HOST = "$(BUILT_PRODUCTS_DIR)/Weather.app/Weather";
			};
			name = Release;
		};
		2754BD0222F5268C00838831 /* Debug */ = {
			isa = XCBuildConfiguration;
			buildSettings = {
				ALWAYS_EMBED_SWIFT_STANDARD_LIBRARIES = YES;
				CODE_SIGN_STYLE = Automatic;
				DEVELOPMENT_TEAM = WNE5YZZC7M;
				INFOPLIST_FILE = WeatherUITests/Info.plist;
				LD_RUNPATH_SEARCH_PATHS = (
					"$(inherited)",
					"@executable_path/Frameworks",
					"@loader_path/Frameworks",
				);
				PRODUCT_BUNDLE_IDENTIFIER = com.mingtian.WeatherUITests;
				PRODUCT_NAME = "$(TARGET_NAME)";
				SWIFT_VERSION = 5.0;
				TARGETED_DEVICE_FAMILY = "1,2";
				TEST_TARGET_NAME = Weather;
			};
			name = Debug;
		};
		2754BD0322F5268C00838831 /* Release */ = {
			isa = XCBuildConfiguration;
			buildSettings = {
				ALWAYS_EMBED_SWIFT_STANDARD_LIBRARIES = YES;
				CODE_SIGN_STYLE = Automatic;
				DEVELOPMENT_TEAM = WNE5YZZC7M;
				INFOPLIST_FILE = WeatherUITests/Info.plist;
				LD_RUNPATH_SEARCH_PATHS = (
					"$(inherited)",
					"@executable_path/Frameworks",
					"@loader_path/Frameworks",
				);
				PRODUCT_BUNDLE_IDENTIFIER = com.mingtian.WeatherUITests;
				PRODUCT_NAME = "$(TARGET_NAME)";
				SWIFT_VERSION = 5.0;
				TARGETED_DEVICE_FAMILY = "1,2";
				TEST_TARGET_NAME = Weather;
			};
			name = Release;
		};
/* End XCBuildConfiguration section */

/* Begin XCConfigurationList section */
		2754BCCB22F5268B00838831 /* Build configuration list for PBXProject "Weather" */ = {
			isa = XCConfigurationList;
			buildConfigurations = (
				2754BCF922F5268C00838831 /* Debug */,
				2754BCFA22F5268C00838831 /* Release */,
			);
			defaultConfigurationIsVisible = 0;
			defaultConfigurationName = Release;
		};
		2754BCFB22F5268C00838831 /* Build configuration list for PBXNativeTarget "Weather" */ = {
			isa = XCConfigurationList;
			buildConfigurations = (
				2754BCFC22F5268C00838831 /* Debug */,
				2754BCFD22F5268C00838831 /* Release */,
			);
			defaultConfigurationIsVisible = 0;
			defaultConfigurationName = Release;
		};
		2754BCFE22F5268C00838831 /* Build configuration list for PBXNativeTarget "WeatherTests" */ = {
			isa = XCConfigurationList;
			buildConfigurations = (
				2754BCFF22F5268C00838831 /* Debug */,
				2754BD0022F5268C00838831 /* Release */,
			);
			defaultConfigurationIsVisible = 0;
			defaultConfigurationName = Release;
		};
		2754BD0122F5268C00838831 /* Build configuration list for PBXNativeTarget "WeatherUITests" */ = {
			isa = XCConfigurationList;
			buildConfigurations = (
				2754BD0222F5268C00838831 /* Debug */,
				2754BD0322F5268C00838831 /* Release */,
			);
			defaultConfigurationIsVisible = 0;
			defaultConfigurationName = Release;
		};
/* End XCConfigurationList section */

/* Begin XCVersionGroup section */
		2754BCDA22F5268B00838831 /* Weather.xcdatamodeld */ = {
			isa = XCVersionGroup;
			children = (
				2754BCDB22F5268B00838831 /* Weather.xcdatamodel */,
			);
			currentVersion = 2754BCDB22F5268B00838831 /* Weather.xcdatamodel */;
			path = Weather.xcdatamodeld;
			sourceTree = "<group>";
			versionGroupType = wrapper.xcdatamodel;
		};
/* End XCVersionGroup section */
	};
	rootObject = 2754BCC822F5268B00838831 /* Project object */;
}
